// !$*UTF8*$!
{
	archiveVersion = 1;
	classes = {
	};
	objectVersion = 46;
	objects = {

/* Begin PBXBuildFile section */
		58207EEE1E41F6D4005E8B64 /* AsyncData.swift in Sources */ = {isa = PBXBuildFile; fileRef = 58207EED1E41F6D4005E8B64 /* AsyncData.swift */; };
		58207EF01E4203CB005E8B64 /* JSONProcessing.swift in Sources */ = {isa = PBXBuildFile; fileRef = 58207EEF1E4203CB005E8B64 /* JSONProcessing.swift */; };
		58207EF21E420D1C005E8B64 /* Errors.swift in Sources */ = {isa = PBXBuildFile; fileRef = 58207EF11E420D1C005E8B64 /* Errors.swift */; };
		583386621E40E5A5004D2526 /* AppDelegate.swift in Sources */ = {isa = PBXBuildFile; fileRef = 583386611E40E5A5004D2526 /* AppDelegate.swift */; };
		583386641E40E5A5004D2526 /* ViewController.swift in Sources */ = {isa = PBXBuildFile; fileRef = 583386631E40E5A5004D2526 /* ViewController.swift */; };
		583386671E40E5A5004D2526 /* Main.storyboard in Resources */ = {isa = PBXBuildFile; fileRef = 583386651E40E5A5004D2526 /* Main.storyboard */; };
		583386691E40E5A5004D2526 /* Assets.xcassets in Resources */ = {isa = PBXBuildFile; fileRef = 583386681E40E5A5004D2526 /* Assets.xcassets */; };
		5833866C1E40E5A5004D2526 /* LaunchScreen.storyboard in Resources */ = {isa = PBXBuildFile; fileRef = 5833866A1E40E5A5004D2526 /* LaunchScreen.storyboard */; };
		5833867B1E40F1B9004D2526 /* Book.swift in Sources */ = {isa = PBXBuildFile; fileRef = 5833867A1E40F1B9004D2526 /* Book.swift */; };
		583C03121E4481A200E972A8 /* Library.swift in Sources */ = {isa = PBXBuildFile; fileRef = 583C03111E4481A200E972A8 /* Library.swift */; };
		583C03141E44824A00E972A8 /* Tag.swift in Sources */ = {isa = PBXBuildFile; fileRef = 583C03131E44824A00E972A8 /* Tag.swift */; };
		583C03171E4518A000E972A8 /* LibraryTableViewController.swift in Sources */ = {isa = PBXBuildFile; fileRef = 583C03151E4518A000E972A8 /* LibraryTableViewController.swift */; };
		583C03181E4518A000E972A8 /* LibraryTableViewController.xib in Resources */ = {isa = PBXBuildFile; fileRef = 583C03161E4518A000E972A8 /* LibraryTableViewController.xib */; };
		5840FBD01E439966003336E0 /* MultiDictionary.swift in Sources */ = {isa = PBXBuildFile; fileRef = 5840FBCF1E439966003336E0 /* MultiDictionary.swift */; };
		584979781E4A295100C5896D /* favorite_OFF.png in Resources */ = {isa = PBXBuildFile; fileRef = 584979761E4A295100C5896D /* favorite_OFF.png */; };
		584979791E4A295100C5896D /* favorite_ON.png in Resources */ = {isa = PBXBuildFile; fileRef = 584979771E4A295100C5896D /* favorite_ON.png */; };
		588710431E89759D0097266D /* emptyBookCover.png in Resources */ = {isa = PBXBuildFile; fileRef = 588710411E89759D0097266D /* emptyBookCover.png */; };
		588710441E89759D0097266D /* emptyPdf.pdf in Resources */ = {isa = PBXBuildFile; fileRef = 588710421E89759D0097266D /* emptyPdf.pdf */; };
		58892E901E42517600AE5C82 /* FoundationExtensions.swift in Sources */ = {isa = PBXBuildFile; fileRef = 58892E8F1E42517600AE5C82 /* FoundationExtensions.swift */; };
		58DA82F21E47957400DAEA24 /* BookViewController.swift in Sources */ = {isa = PBXBuildFile; fileRef = 58DA82F01E47957400DAEA24 /* BookViewController.swift */; };
		58DA82F31E47957400DAEA24 /* BookViewController.xib in Resources */ = {isa = PBXBuildFile; fileRef = 58DA82F11E47957400DAEA24 /* BookViewController.xib */; };
		58DA82F61E47ADC300DAEA24 /* PdfViewController.swift in Sources */ = {isa = PBXBuildFile; fileRef = 58DA82F41E47ADC300DAEA24 /* PdfViewController.swift */; };
		58DA82F71E47ADC300DAEA24 /* PdfViewController.xib in Resources */ = {isa = PBXBuildFile; fileRef = 58DA82F51E47ADC300DAEA24 /* PdfViewController.xib */; };
/* End PBXBuildFile section */

/* Begin PBXFileReference section */
		58207EED1E41F6D4005E8B64 /* AsyncData.swift */ = {isa = PBXFileReference; fileEncoding = 4; lastKnownFileType = sourcecode.swift; path = AsyncData.swift; sourceTree = "<group>"; };
		58207EEF1E4203CB005E8B64 /* JSONProcessing.swift */ = {isa = PBXFileReference; fileEncoding = 4; lastKnownFileType = sourcecode.swift; path = JSONProcessing.swift; sourceTree = "<group>"; };
		58207EF11E420D1C005E8B64 /* Errors.swift */ = {isa = PBXFileReference; fileEncoding = 4; lastKnownFileType = sourcecode.swift; path = Errors.swift; sourceTree = "<group>"; };
		5833865E1E40E5A5004D2526 /* HackerBooks.app */ = {isa = PBXFileReference; explicitFileType = wrapper.application; includeInIndex = 0; path = HackerBooks.app; sourceTree = BUILT_PRODUCTS_DIR; };
		583386611E40E5A5004D2526 /* AppDelegate.swift */ = {isa = PBXFileReference; lastKnownFileType = sourcecode.swift; path = AppDelegate.swift; sourceTree = "<group>"; };
		583386631E40E5A5004D2526 /* ViewController.swift */ = {isa = PBXFileReference; lastKnownFileType = sourcecode.swift; path = ViewController.swift; sourceTree = "<group>"; };
		583386661E40E5A5004D2526 /* Base */ = {isa = PBXFileReference; lastKnownFileType = file.storyboard; name = Base; path = Base.lproj/Main.storyboard; sourceTree = "<group>"; };
		583386681E40E5A5004D2526 /* Assets.xcassets */ = {isa = PBXFileReference; lastKnownFileType = folder.assetcatalog; path = Assets.xcassets; sourceTree = "<group>"; };
		5833866B1E40E5A5004D2526 /* Base */ = {isa = PBXFileReference; lastKnownFileType = file.storyboard; name = Base; path = Base.lproj/LaunchScreen.storyboard; sourceTree = "<group>"; };
		5833866D1E40E5A5004D2526 /* Info.plist */ = {isa = PBXFileReference; lastKnownFileType = text.plist.xml; path = Info.plist; sourceTree = "<group>"; };
		5833867A1E40F1B9004D2526 /* Book.swift */ = {isa = PBXFileReference; fileEncoding = 4; lastKnownFileType = sourcecode.swift; path = Book.swift; sourceTree = "<group>"; };
		583C03111E4481A200E972A8 /* Library.swift */ = {isa = PBXFileReference; fileEncoding = 4; lastKnownFileType = sourcecode.swift; path = Library.swift; sourceTree = "<group>"; };
		583C03131E44824A00E972A8 /* Tag.swift */ = {isa = PBXFileReference; fileEncoding = 4; lastKnownFileType = sourcecode.swift; path = Tag.swift; sourceTree = "<group>"; };
		583C03151E4518A000E972A8 /* LibraryTableViewController.swift */ = {isa = PBXFileReference; fileEncoding = 4; lastKnownFileType = sourcecode.swift; path = LibraryTableViewController.swift; sourceTree = "<group>"; };
		583C03161E4518A000E972A8 /* LibraryTableViewController.xib */ = {isa = PBXFileReference; fileEncoding = 4; lastKnownFileType = file.xib; path = LibraryTableViewController.xib; sourceTree = "<group>"; };
		5840FBCF1E439966003336E0 /* MultiDictionary.swift */ = {isa = PBXFileReference; fileEncoding = 4; lastKnownFileType = sourcecode.swift; path = MultiDictionary.swift; sourceTree = "<group>"; };
		584979761E4A295100C5896D /* favorite_OFF.png */ = {isa = PBXFileReference; lastKnownFileType = image.png; path = favorite_OFF.png; sourceTree = "<group>"; };
		584979771E4A295100C5896D /* favorite_ON.png */ = {isa = PBXFileReference; lastKnownFileType = image.png; path = favorite_ON.png; sourceTree = "<group>"; };
		588710411E89759D0097266D /* emptyBookCover.png */ = {isa = PBXFileReference; lastKnownFileType = image.png; path = emptyBookCover.png; sourceTree = "<group>"; };
		588710421E89759D0097266D /* emptyPdf.pdf */ = {isa = PBXFileReference; lastKnownFileType = image.pdf; path = emptyPdf.pdf; sourceTree = "<group>"; };
		58892E8F1E42517600AE5C82 /* FoundationExtensions.swift */ = {isa = PBXFileReference; fileEncoding = 4; lastKnownFileType = sourcecode.swift; path = FoundationExtensions.swift; sourceTree = "<group>"; };
		58DA82F01E47957400DAEA24 /* BookViewController.swift */ = {isa = PBXFileReference; fileEncoding = 4; lastKnownFileType = sourcecode.swift; path = BookViewController.swift; sourceTree = "<group>"; };
		58DA82F11E47957400DAEA24 /* BookViewController.xib */ = {isa = PBXFileReference; fileEncoding = 4; lastKnownFileType = file.xib; path = BookViewController.xib; sourceTree = "<group>"; };
		58DA82F41E47ADC300DAEA24 /* PdfViewController.swift */ = {isa = PBXFileReference; fileEncoding = 4; lastKnownFileType = sourcecode.swift; path = PdfViewController.swift; sourceTree = "<group>"; };
		58DA82F51E47ADC300DAEA24 /* PdfViewController.xib */ = {isa = PBXFileReference; fileEncoding = 4; lastKnownFileType = file.xib; path = PdfViewController.xib; sourceTree = "<group>"; };
/* End PBXFileReference section */

/* Begin PBXFrameworksBuildPhase section */
		5833865B1E40E5A5004D2526 /* Frameworks */ = {
			isa = PBXFrameworksBuildPhase;
			buildActionMask = 2147483647;
			files = (
			);
			runOnlyForDeploymentPostprocessing = 0;
		};
/* End PBXFrameworksBuildPhase section */

/* Begin PBXGroup section */
		583386551E40E5A5004D2526 = {
			isa = PBXGroup;
			children = (
				583386601E40E5A5004D2526 /* HackerBooks */,
				5833865F1E40E5A5004D2526 /* Products */,
			);
			sourceTree = "<group>";
		};
		5833865F1E40E5A5004D2526 /* Products */ = {
			isa = PBXGroup;
			children = (
				5833865E1E40E5A5004D2526 /* HackerBooks.app */,
			);
			name = Products;
			sourceTree = "<group>";
		};
		583386601E40E5A5004D2526 /* HackerBooks */ = {
			isa = PBXGroup;
			children = (
				583386611E40E5A5004D2526 /* AppDelegate.swift */,
				583386631E40E5A5004D2526 /* ViewController.swift */,
				58892E8E1E42515100AE5C82 /* Frameworks */,
				5833867C1E40F1C5004D2526 /* Models */,
				583C03191E4518B600E972A8 /* Controllers */,
				583386731E40EF0A004D2526 /* Resources */,
				583386651E40E5A5004D2526 /* Main.storyboard */,
				583386681E40E5A5004D2526 /* Assets.xcassets */,
				5833866A1E40E5A5004D2526 /* LaunchScreen.storyboard */,
				5833866D1E40E5A5004D2526 /* Info.plist */,
			);
			path = HackerBooks;
			sourceTree = "<group>";
		};
		583386731E40EF0A004D2526 /* Resources */ = {
			isa = PBXGroup;
			children = (
				588710411E89759D0097266D /* emptyBookCover.png */,
				588710421E89759D0097266D /* emptyPdf.pdf */,
				584979761E4A295100C5896D /* favorite_OFF.png */,
				584979771E4A295100C5896D /* favorite_ON.png */,
			);
			name = Resources;
			sourceTree = "<group>";
		};
		5833867C1E40F1C5004D2526 /* Models */ = {
			isa = PBXGroup;
			children = (
				5833867A1E40F1B9004D2526 /* Book.swift */,
				583C03131E44824A00E972A8 /* Tag.swift */,
				583C03111E4481A200E972A8 /* Library.swift */,
				58207EED1E41F6D4005E8B64 /* AsyncData.swift */,
				58207EEF1E4203CB005E8B64 /* JSONProcessing.swift */,
				58207EF11E420D1C005E8B64 /* Errors.swift */,
				5840FBCF1E439966003336E0 /* MultiDictionary.swift */,
			);
			name = Models;
			sourceTree = "<group>";
		};
		583C03191E4518B600E972A8 /* Controllers */ = {
			isa = PBXGroup;
			children = (
				583C03151E4518A000E972A8 /* LibraryTableViewController.swift */,
				583C03161E4518A000E972A8 /* LibraryTableViewController.xib */,
				58DA82F01E47957400DAEA24 /* BookViewController.swift */,
				58DA82F11E47957400DAEA24 /* BookViewController.xib */,
				58DA82F41E47ADC300DAEA24 /* PdfViewController.swift */,
				58DA82F51E47ADC300DAEA24 /* PdfViewController.xib */,
			);
			name = Controllers;
			sourceTree = "<group>";
		};
		58892E8E1E42515100AE5C82 /* Frameworks */ = {
			isa = PBXGroup;
			children = (
				58892E8F1E42517600AE5C82 /* FoundationExtensions.swift */,
			);
			name = Frameworks;
			sourceTree = "<group>";
		};
/* End PBXGroup section */

/* Begin PBXNativeTarget section */
		5833865D1E40E5A5004D2526 /* HackerBooks */ = {
			isa = PBXNativeTarget;
			buildConfigurationList = 583386701E40E5A5004D2526 /* Build configuration list for PBXNativeTarget "HackerBooks" */;
			buildPhases = (
				5833865A1E40E5A5004D2526 /* Sources */,
				5833865B1E40E5A5004D2526 /* Frameworks */,
				5833865C1E40E5A5004D2526 /* Resources */,
			);
			buildRules = (
			);
			dependencies = (
			);
			name = HackerBooks;
			productName = HackerBooks;
			productReference = 5833865E1E40E5A5004D2526 /* HackerBooks.app */;
			productType = "com.apple.product-type.application";
		};
/* End PBXNativeTarget section */

/* Begin PBXProject section */
		583386561E40E5A5004D2526 /* Project object */ = {
			isa = PBXProject;
			attributes = {
				LastSwiftUpdateCheck = 0820;
				LastUpgradeCheck = 0820;
				ORGANIZATIONNAME = kronox;
				TargetAttributes = {
					5833865D1E40E5A5004D2526 = {
						CreatedOnToolsVersion = 8.2.1;
						ProvisioningStyle = Automatic;
					};
				};
			};
			buildConfigurationList = 583386591E40E5A5004D2526 /* Build configuration list for PBXProject "HackerBooks" */;
			compatibilityVersion = "Xcode 3.2";
			developmentRegion = English;
			hasScannedForEncodings = 0;
			knownRegions = (
				en,
				Base,
			);
			mainGroup = 583386551E40E5A5004D2526;
			productRefGroup = 5833865F1E40E5A5004D2526 /* Products */;
			projectDirPath = "";
			projectRoot = "";
			targets = (
				5833865D1E40E5A5004D2526 /* HackerBooks */,
			);
		};
/* End PBXProject section */

/* Begin PBXResourcesBuildPhase section */
		5833865C1E40E5A5004D2526 /* Resources */ = {
			isa = PBXResourcesBuildPhase;
			buildActionMask = 2147483647;
			files = (
				5833866C1E40E5A5004D2526 /* LaunchScreen.storyboard in Resources */,
				588710431E89759D0097266D /* emptyBookCover.png in Resources */,
				584979781E4A295100C5896D /* favorite_OFF.png in Resources */,
				583C03181E4518A000E972A8 /* LibraryTableViewController.xib in Resources */,
				584979791E4A295100C5896D /* favorite_ON.png in Resources */,
				58DA82F71E47ADC300DAEA24 /* PdfViewController.xib in Resources */,
				588710441E89759D0097266D /* emptyPdf.pdf in Resources */,
				583386691E40E5A5004D2526 /* Assets.xcassets in Resources */,
				583386671E40E5A5004D2526 /* Main.storyboard in Resources */,
				58DA82F31E47957400DAEA24 /* BookViewController.xib in Resources */,
			);
			runOnlyForDeploymentPostprocessing = 0;
		};
/* End PBXResourcesBuildPhase section */

/* Begin PBXSourcesBuildPhase section */
		5833865A1E40E5A5004D2526 /* Sources */ = {
			isa = PBXSourcesBuildPhase;
			buildActionMask = 2147483647;
			files = (
				58DA82F61E47ADC300DAEA24 /* PdfViewController.swift in Sources */,
				58207EF01E4203CB005E8B64 /* JSONProcessing.swift in Sources */,
				583386641E40E5A5004D2526 /* ViewController.swift in Sources */,
				58207EEE1E41F6D4005E8B64 /* AsyncData.swift in Sources */,
				58892E901E42517600AE5C82 /* FoundationExtensions.swift in Sources */,
				583386621E40E5A5004D2526 /* AppDelegate.swift in Sources */,
				583C03171E4518A000E972A8 /* LibraryTableViewController.swift in Sources */,
				583C03141E44824A00E972A8 /* Tag.swift in Sources */,
				5840FBD01E439966003336E0 /* MultiDictionary.swift in Sources */,
				583C03121E4481A200E972A8 /* Library.swift in Sources */,
				58DA82F21E47957400DAEA24 /* BookViewController.swift in Sources */,
				5833867B1E40F1B9004D2526 /* Book.swift in Sources */,
				58207EF21E420D1C005E8B64 /* Errors.swift in Sources */,
			);
			runOnlyForDeploymentPostprocessing = 0;
		};
/* End PBXSourcesBuildPhase section */

/* Begin PBXVariantGroup section */
		583386651E40E5A5004D2526 /* Main.storyboard */ = {
			isa = PBXVariantGroup;
			children = (
				583386661E40E5A5004D2526 /* Base */,
			);
			name = Main.storyboard;
			sourceTree = "<group>";
		};
		5833866A1E40E5A5004D2526 /* LaunchScreen.storyboard */ = {
			isa = PBXVariantGroup;
			children = (
				5833866B1E40E5A5004D2526 /* Base */,
			);
			name = LaunchScreen.storyboard;
			sourceTree = "<group>";
		};
/* End PBXVariantGroup section */

/* Begin XCBuildConfiguration section */
		5833866E1E40E5A5004D2526 /* Debug */ = {
			isa = XCBuildConfiguration;
			buildSettings = {
				ALWAYS_SEARCH_USER_PATHS = NO;
				CLANG_ANALYZER_NONNULL = YES;
				CLANG_CXX_LANGUAGE_STANDARD = "gnu++0x";
				CLANG_CXX_LIBRARY = "libc++";
				CLANG_ENABLE_MODULES = YES;
				CLANG_ENABLE_OBJC_ARC = YES;
				CLANG_WARN_BOOL_CONVERSION = YES;
				CLANG_WARN_CONSTANT_CONVERSION = YES;
				CLANG_WARN_DIRECT_OBJC_ISA_USAGE = YES_ERROR;
				CLANG_WARN_DOCUMENTATION_COMMENTS = YES;
				CLANG_WARN_EMPTY_BODY = YES;
				CLANG_WARN_ENUM_CONVERSION = YES;
				CLANG_WARN_INFINITE_RECURSION = YES;
				CLANG_WARN_INT_CONVERSION = YES;
				CLANG_WARN_OBJC_ROOT_CLASS = YES_ERROR;
				CLANG_WARN_SUSPICIOUS_MOVE = YES;
				CLANG_WARN_UNREACHABLE_CODE = YES;
				CLANG_WARN__DUPLICATE_METHOD_MATCH = YES;
				"CODE_SIGN_IDENTITY[sdk=iphoneos*]" = "iPhone Developer";
				COPY_PHASE_STRIP = NO;
				DEBUG_INFORMATION_FORMAT = dwarf;
				ENABLE_STRICT_OBJC_MSGSEND = YES;
				ENABLE_TESTABILITY = YES;
				GCC_C_LANGUAGE_STANDARD = gnu99;
				GCC_DYNAMIC_NO_PIC = NO;
				GCC_NO_COMMON_BLOCKS = YES;
				GCC_OPTIMIZATION_LEVEL = 0;
				GCC_PREPROCESSOR_DEFINITIONS = (
					"DEBUG=1",
					"$(inherited)",
				);
				GCC_WARN_64_TO_32_BIT_CONVERSION = YES;
				GCC_WARN_ABOUT_RETURN_TYPE = YES_ERROR;
				GCC_WARN_UNDECLARED_SELECTOR = YES;
				GCC_WARN_UNINITIALIZED_AUTOS = YES_AGGRESSIVE;
				GCC_WARN_UNUSED_FUNCTION = YES;
				GCC_WARN_UNUSED_VARIABLE = YES;
				IPHONEOS_DEPLOYMENT_TARGET = 10.2;
				MTL_ENABLE_DEBUG_INFO = YES;
				ONLY_ACTIVE_ARCH = YES;
				SDKROOT = iphoneos;
				SWIFT_ACTIVE_COMPILATION_CONDITIONS = DEBUG;
				SWIFT_OPTIMIZATION_LEVEL = "-Onone";
				TARGETED_DEVICE_FAMILY = "1,2";
			};
			name = Debug;
		};
		5833866F1E40E5A5004D2526 /* Release */ = {
			isa = XCBuildConfiguration;
			buildSettings = {
				ALWAYS_SEARCH_USER_PATHS = NO;
				CLANG_ANALYZER_NONNULL = YES;
				CLANG_CXX_LANGUAGE_STANDARD = "gnu++0x";
				CLANG_CXX_LIBRARY = "libc++";
				CLANG_ENABLE_MODULES = YES;
				CLANG_ENABLE_OBJC_ARC = YES;
				CLANG_WARN_BOOL_CONVERSION = YES;
				CLANG_WARN_CONSTANT_CONVERSION = YES;
				CLANG_WARN_DIRECT_OBJC_ISA_USAGE = YES_ERROR;
				CLANG_WARN_DOCUMENTATION_COMMENTS = YES;
				CLANG_WARN_EMPTY_BODY = YES;
				CLANG_WARN_ENUM_CONVERSION = YES;
				CLANG_WARN_INFINITE_RECURSION = YES;
				CLANG_WARN_INT_CONVERSION = YES;
				CLANG_WARN_OBJC_ROOT_CLASS = YES_ERROR;
				CLANG_WARN_SUSPICIOUS_MOVE = YES;
				CLANG_WARN_UNREACHABLE_CODE = YES;
				CLANG_WARN__DUPLICATE_METHOD_MATCH = YES;
				"CODE_SIGN_IDENTITY[sdk=iphoneos*]" = "iPhone Developer";
				COPY_PHASE_STRIP = NO;
				DEBUG_INFORMATION_FORMAT = "dwarf-with-dsym";
				ENABLE_NS_ASSERTIONS = NO;
				ENABLE_STRICT_OBJC_MSGSEND = YES;
				GCC_C_LANGUAGE_STANDARD = gnu99;
				GCC_NO_COMMON_BLOCKS = YES;
				GCC_WARN_64_TO_32_BIT_CONVERSION = YES;
				GCC_WARN_ABOUT_RETURN_TYPE = YES_ERROR;
				GCC_WARN_UNDECLARED_SELECTOR = YES;
				GCC_WARN_UNINITIALIZED_AUTOS = YES_AGGRESSIVE;
				GCC_WARN_UNUSED_FUNCTION = YES;
				GCC_WARN_UNUSED_VARIABLE = YES;
				IPHONEOS_DEPLOYMENT_TARGET = 10.2;
				MTL_ENABLE_DEBUG_INFO = NO;
				SDKROOT = iphoneos;
				SWIFT_OPTIMIZATION_LEVEL = "-Owholemodule";
				TARGETED_DEVICE_FAMILY = "1,2";
				VALIDATE_PRODUCT = YES;
			};
			name = Release;
		};
		583386711E40E5A5004D2526 /* Debug */ = {
			isa = XCBuildConfiguration;
			buildSettings = {
				ASSETCATALOG_COMPILER_APPICON_NAME = AppIcon;
				INFOPLIST_FILE = HackerBooks/Info.plist;
				LD_RUNPATH_SEARCH_PATHS = "$(inherited) @executable_path/Frameworks";
				PRODUCT_BUNDLE_IDENTIFIER = es.kronox.HackerBooks;
				PRODUCT_NAME = "$(TARGET_NAME)";
				SWIFT_VERSION = 3.0;
			};
			name = Debug;
		};
		583386721E40E5A5004D2526 /* Release */ = {
			isa = XCBuildConfiguration;
			buildSettings = {
				ASSETCATALOG_COMPILER_APPICON_NAME = AppIcon;
				INFOPLIST_FILE = HackerBooks/Info.plist;
				LD_RUNPATH_SEARCH_PATHS = "$(inherited) @executable_path/Frameworks";
				PRODUCT_BUNDLE_IDENTIFIER = es.kronox.HackerBooks;
				PRODUCT_NAME = "$(TARGET_NAME)";
				SWIFT_VERSION = 3.0;
			};
			name = Release;
		};
/* End XCBuildConfiguration section */

/* Begin XCConfigurationList section */
		583386591E40E5A5004D2526 /* Build configuration list for PBXProject "HackerBooks" */ = {
			isa = XCConfigurationList;
			buildConfigurations = (
				5833866E1E40E5A5004D2526 /* Debug */,
				5833866F1E40E5A5004D2526 /* Release */,
			);
			defaultConfigurationIsVisible = 0;
			defaultConfigurationName = Release;
		};
		583386701E40E5A5004D2526 /* Build configuration list for PBXNativeTarget "HackerBooks" */ = {
			isa = XCConfigurationList;
			buildConfigurations = (
				583386711E40E5A5004D2526 /* Debug */,
				583386721E40E5A5004D2526 /* Release */,
			);
			defaultConfigurationIsVisible = 0;
			defaultConfigurationName = Release;
		};
/* End XCConfigurationList section */
	};
	rootObject = 583386561E40E5A5004D2526 /* Project object */;
}
